
Microsoft Visual Studio Solution File, Format Version 11.00
# Visual Basic Express 2010
Project("{F184B08F-C81C-45F6-A57F-5ABD9991F28F}") = "Assignment1", "Assignment1\Assignment1.vbproj", "{6522530A-E97A-482E-A7BE-4E7C7727B4CC}"
EndProject
Global
	GlobalSection(SolutionConfigurationPlatforms) = preSolution
		Debug|x86 = Debug|x86
		Release|x86 = Release|x86
	EndGlobalSection
	GlobalSection(ProjectConfigurationPlatforms) = postSolution
		{6522530A-E97A-482E-A7BE-4E7C7727B4CC}.Debug|x86.ActiveCfg = Debug|x86
		{6522530A-E97A-482E-A7BE-4E7C7727B4CC}.Debug|x86.Build.0 = Debug|x86
		{6522530A-E97A-482E-A7BE-4E7C7727B4CC}.Release|x86.ActiveCfg = Release|x86
		{6522530A-E97A-482E-A7BE-4E7C7727B4CC}.Release|x86.Build.0 = Release|x86
	EndGlobalSection
	GlobalSection(SolutionProperties) = preSolution
		HideSolutionNode = FALSE
	EndGlobalSection
EndGlobal
